
Microsoft Visual Studio Solution File, Format Version 12.00
# Visual Studio Version 17
VisualStudioVersion = 17.5.33530.505
MinimumVisualStudioVersion = 10.0.40219.1
Project("{FAE04EC0-301F-11D3-BF4B-00C04F79EFBC}") = "LehikveForum", "LehikveForum\LehikveForum.csproj", "{906EEC59-7702-420C-AEDE-D58143754FDB}"
EndProject
Global
	GlobalSection(SolutionConfigurationPlatforms) = preSolution
		Debug|Any CPU = Debug|Any CPU
		Release|Any CPU = Release|Any CPU
	EndGlobalSection
	GlobalSection(ProjectConfigurationPlatforms) = postSolution
		{906EEC59-7702-420C-AEDE-D58143754FDB}.Debug|Any CPU.ActiveCfg = Debug|Any CPU
		{906EEC59-7702-420C-AEDE-D58143754FDB}.Debug|Any CPU.Build.0 = Debug|Any CPU
		{906EEC59-7702-420C-AEDE-D58143754FDB}.Release|Any CPU.ActiveCfg = Release|Any CPU
		{906EEC59-7702-420C-AEDE-D58143754FDB}.Release|Any CPU.Build.0 = Release|Any CPU
	EndGlobalSection
	GlobalSection(SolutionProperties) = preSolution
		HideSolutionNode = FALSE
	EndGlobalSection
	GlobalSection(ExtensibilityGlobals) = postSolution
		SolutionGuid = {99B36838-3B0E-47FE-9EBE-F04A6E4B3E25}
	EndGlobalSection
EndGlobal
