
Microsoft Visual Studio Solution File, Format Version 12.00
# Visual Studio Version 17
VisualStudioVersion = 17.5.33530.505
MinimumVisualStudioVersion = 10.0.40219.1
Project("{9A19103F-16F7-4668-BE54-9A1E7A4F7556}") = "LehikveForum", "LehikveForum\LehikveForum.csproj", "{906EEC59-7702-420C-AEDE-D58143754FDB}"
EndProject
Project("{2150E333-8FDC-42A3-9474-1A3956D46DE8}") = "Solution Items", "Solution Items", "{6D6D4873-D229-4E26-B0CD-CBC75BF3658C}"
	ProjectSection(SolutionItems) = preProject
		README.md = README.md
	EndProjectSection
EndProject
Global
	GlobalSection(SolutionConfigurationPlatforms) = preSolution
		Debug|Any CPU = Debug|Any CPU
		Release|Any CPU = Release|Any CPU
	EndGlobalSection
	GlobalSection(ProjectConfigurationPlatforms) = postSolution
		{906EEC59-7702-420C-AEDE-D58143754FDB}.Debug|Any CPU.ActiveCfg = Debug|Any CPU
		{906EEC59-7702-420C-AEDE-D58143754FDB}.Debug|Any CPU.Build.0 = Debug|Any CPU
		{906EEC59-7702-420C-AEDE-D58143754FDB}.Release|Any CPU.ActiveCfg = Release|Any CPU
		{906EEC59-7702-420C-AEDE-D58143754FDB}.Release|Any CPU.Build.0 = Release|Any CPU
	EndGlobalSection
	GlobalSection(SolutionProperties) = preSolution
		HideSolutionNode = FALSE
	EndGlobalSection
	GlobalSection(ExtensibilityGlobals) = postSolution
		SolutionGuid = {99B36838-3B0E-47FE-9EBE-F04A6E4B3E25}
	EndGlobalSection
EndGlobal
